
Microsoft Visual Studio Solution File, Format Version 12.00
# Visual Studio Version 17
VisualStudioVersion = 17.0.31903.59
MinimumVisualStudioVersion = 10.0.40219.1
Project("{2150E333-8FDC-42A3-9474-1A3956D46DE8}") = "src", "src", "{D52E997D-A991-479C-B75D-CDDA02E3F95E}"
EndProject
Project("{FAE04EC0-301F-11D3-BF4B-00C04F79EFBC}") = "StorageManager.Core", "src\StorageManager.Core\StorageManager.Core.csproj", "{E0BD4058-83BD-4B6C-BB5C-B1B78F9E3CB7}"
EndProject
Project("{FAE04EC0-301F-11D3-BF4B-00C04F79EFBC}") = "StorageManager", "src\StorageManager\StorageManager.csproj", "{DB9D023D-EE17-4BF3-88F2-9668ED4F3D1A}"
EndProject
Project("{2150E333-8FDC-42A3-9474-1A3956D46DE8}") = "tests", "tests", "{42EF66B9-12E5-41F3-A0B7-E9F3696EA29B}"
EndProject
Project("{FAE04EC0-301F-11D3-BF4B-00C04F79EFBC}") = "StorageManager.Core.Tests", "tests\StorageManager.Core.Tests\StorageManager.Core.Tests.csproj", "{C4B4E9F0-DF87-4AAE-BE62-7C2641152E22}"
EndProject
Global
	GlobalSection(SolutionConfigurationPlatforms) = preSolution
		Debug|Any CPU = Debug|Any CPU
		Release|Any CPU = Release|Any CPU
	EndGlobalSection
	GlobalSection(SolutionProperties) = preSolution
		HideSolutionNode = FALSE
	EndGlobalSection
	GlobalSection(ProjectConfigurationPlatforms) = postSolution
		{E0BD4058-83BD-4B6C-BB5C-B1B78F9E3CB7}.Debug|Any CPU.ActiveCfg = Debug|Any CPU
		{E0BD4058-83BD-4B6C-BB5C-B1B78F9E3CB7}.Debug|Any CPU.Build.0 = Debug|Any CPU
		{E0BD4058-83BD-4B6C-BB5C-B1B78F9E3CB7}.Release|Any CPU.ActiveCfg = Release|Any CPU
		{E0BD4058-83BD-4B6C-BB5C-B1B78F9E3CB7}.Release|Any CPU.Build.0 = Release|Any CPU
		{DB9D023D-EE17-4BF3-88F2-9668ED4F3D1A}.Debug|Any CPU.ActiveCfg = Debug|Any CPU
		{DB9D023D-EE17-4BF3-88F2-9668ED4F3D1A}.Debug|Any CPU.Build.0 = Debug|Any CPU
		{DB9D023D-EE17-4BF3-88F2-9668ED4F3D1A}.Release|Any CPU.ActiveCfg = Release|Any CPU
		{DB9D023D-EE17-4BF3-88F2-9668ED4F3D1A}.Release|Any CPU.Build.0 = Release|Any CPU
		{C4B4E9F0-DF87-4AAE-BE62-7C2641152E22}.Debug|Any CPU.ActiveCfg = Debug|Any CPU
		{C4B4E9F0-DF87-4AAE-BE62-7C2641152E22}.Debug|Any CPU.Build.0 = Debug|Any CPU
		{C4B4E9F0-DF87-4AAE-BE62-7C2641152E22}.Release|Any CPU.ActiveCfg = Release|Any CPU
		{C4B4E9F0-DF87-4AAE-BE62-7C2641152E22}.Release|Any CPU.Build.0 = Release|Any CPU
	EndGlobalSection
	GlobalSection(NestedProjects) = preSolution
		{E0BD4058-83BD-4B6C-BB5C-B1B78F9E3CB7} = {D52E997D-A991-479C-B75D-CDDA02E3F95E}
		{DB9D023D-EE17-4BF3-88F2-9668ED4F3D1A} = {D52E997D-A991-479C-B75D-CDDA02E3F95E}
		{C4B4E9F0-DF87-4AAE-BE62-7C2641152E22} = {42EF66B9-12E5-41F3-A0B7-E9F3696EA29B}
	EndGlobalSection
EndGlobal
